
Microsoft Visual Studio Solution File, Format Version 12.00
# Visual Studio 15
VisualStudioVersion = 15.0.26730.16
MinimumVisualStudioVersion = 10.0.40219.1
Project("{FAE04EC0-301F-11D3-BF4B-00C04F79EFBC}") = "MyFirstWebApplication", "MyFirstWebApplication\MyFirstWebApplication.csproj", "{FEB2A148-7B60-45AF-898C-210A1738017F}"
EndProject
Global
	GlobalSection(SolutionConfigurationPlatforms) = preSolution
		Debug|Any CPU = Debug|Any CPU
		Release|Any CPU = Release|Any CPU
	EndGlobalSection
	GlobalSection(ProjectConfigurationPlatforms) = postSolution
		{FEB2A148-7B60-45AF-898C-210A1738017F}.Debug|Any CPU.ActiveCfg = Debug|Any CPU
		{FEB2A148-7B60-45AF-898C-210A1738017F}.Debug|Any CPU.Build.0 = Debug|Any CPU
		{FEB2A148-7B60-45AF-898C-210A1738017F}.Release|Any CPU.ActiveCfg = Release|Any CPU
		{FEB2A148-7B60-45AF-898C-210A1738017F}.Release|Any CPU.Build.0 = Release|Any CPU
	EndGlobalSection
	GlobalSection(SolutionProperties) = preSolution
		HideSolutionNode = FALSE
	EndGlobalSection
	GlobalSection(ExtensibilityGlobals) = postSolution
		SolutionGuid = {658440BE-FBA0-4A28-90C1-321E53B41A3A}
	EndGlobalSection
EndGlobal
