
Microsoft Visual Studio Solution File, Format Version 12.00
# Visual Studio 15
VisualStudioVersion = 15.0.26730.16
MinimumVisualStudioVersion = 10.0.40219.1
Project("{FAE04EC0-301F-11D3-BF4B-00C04F79EFBC}") = "TodoApp", "Todo\TodoApp.csproj", "{08DA4128-BFA5-4454-B0DC-94B6B59E8D23}"
EndProject
Global
	GlobalSection(SolutionConfigurationPlatforms) = preSolution
		Debug|Any CPU = Debug|Any CPU
		Release|Any CPU = Release|Any CPU
	EndGlobalSection
	GlobalSection(ProjectConfigurationPlatforms) = postSolution
		{08DA4128-BFA5-4454-B0DC-94B6B59E8D23}.Debug|Any CPU.ActiveCfg = Debug|Any CPU
		{08DA4128-BFA5-4454-B0DC-94B6B59E8D23}.Debug|Any CPU.Build.0 = Debug|Any CPU
		{08DA4128-BFA5-4454-B0DC-94B6B59E8D23}.Release|Any CPU.ActiveCfg = Release|Any CPU
		{08DA4128-BFA5-4454-B0DC-94B6B59E8D23}.Release|Any CPU.Build.0 = Release|Any CPU
	EndGlobalSection
	GlobalSection(SolutionProperties) = preSolution
		HideSolutionNode = FALSE
	EndGlobalSection
	GlobalSection(ExtensibilityGlobals) = postSolution
		SolutionGuid = {E5C6BA06-19FB-4FAD-9122-563D9E692BF1}
	EndGlobalSection
EndGlobal
