
Microsoft Visual Studio Solution File, Format Version 12.00
# Visual Studio 15
VisualStudioVersion = 15.0.26730.12
MinimumVisualStudioVersion = 10.0.40219.1
Project("{FAE04EC0-301F-11D3-BF4B-00C04F79EFBC}") = "exercise05", "exercise05\exercise05.csproj", "{A1970CF7-D8BF-41EB-852D-A871B053FFBD}"
EndProject
Global
	GlobalSection(SolutionConfigurationPlatforms) = preSolution
		Debug|Any CPU = Debug|Any CPU
		Release|Any CPU = Release|Any CPU
	EndGlobalSection
	GlobalSection(ProjectConfigurationPlatforms) = postSolution
		{A1970CF7-D8BF-41EB-852D-A871B053FFBD}.Debug|Any CPU.ActiveCfg = Debug|Any CPU
		{A1970CF7-D8BF-41EB-852D-A871B053FFBD}.Debug|Any CPU.Build.0 = Debug|Any CPU
		{A1970CF7-D8BF-41EB-852D-A871B053FFBD}.Release|Any CPU.ActiveCfg = Release|Any CPU
		{A1970CF7-D8BF-41EB-852D-A871B053FFBD}.Release|Any CPU.Build.0 = Release|Any CPU
	EndGlobalSection
	GlobalSection(SolutionProperties) = preSolution
		HideSolutionNode = FALSE
	EndGlobalSection
	GlobalSection(ExtensibilityGlobals) = postSolution
		SolutionGuid = {0962B2A6-709E-4516-8B21-A9EC4D70B0B8}
	EndGlobalSection
EndGlobal
