
Microsoft Visual Studio Solution File, Format Version 12.00
# Visual Studio 15
VisualStudioVersion = 15.0.26730.12
MinimumVisualStudioVersion = 10.0.40219.1
Project("{FAE04EC0-301F-11D3-BF4B-00C04F79EFBC}") = "exercise27", "exercise27\exercise27.csproj", "{CEBEE3BA-A25E-43E6-B116-56F1019A2F09}"
EndProject
Global
	GlobalSection(SolutionConfigurationPlatforms) = preSolution
		Debug|Any CPU = Debug|Any CPU
		Release|Any CPU = Release|Any CPU
	EndGlobalSection
	GlobalSection(ProjectConfigurationPlatforms) = postSolution
		{CEBEE3BA-A25E-43E6-B116-56F1019A2F09}.Debug|Any CPU.ActiveCfg = Debug|Any CPU
		{CEBEE3BA-A25E-43E6-B116-56F1019A2F09}.Debug|Any CPU.Build.0 = Debug|Any CPU
		{CEBEE3BA-A25E-43E6-B116-56F1019A2F09}.Release|Any CPU.ActiveCfg = Release|Any CPU
		{CEBEE3BA-A25E-43E6-B116-56F1019A2F09}.Release|Any CPU.Build.0 = Release|Any CPU
	EndGlobalSection
	GlobalSection(SolutionProperties) = preSolution
		HideSolutionNode = FALSE
	EndGlobalSection
	GlobalSection(ExtensibilityGlobals) = postSolution
		SolutionGuid = {7702AEC7-030A-49A5-94A7-8C90EC2A99A4}
	EndGlobalSection
EndGlobal
