
Microsoft Visual Studio Solution File, Format Version 12.00
# Visual Studio 15
VisualStudioVersion = 15.0.26730.12
MinimumVisualStudioVersion = 10.0.40219.1
Project("{FAE04EC0-301F-11D3-BF4B-00C04F79EFBC}") = "exercise09", "exercise09\exercise09.csproj", "{484D4097-8583-4241-9D33-85FE9F8C0AB7}"
EndProject
Global
	GlobalSection(SolutionConfigurationPlatforms) = preSolution
		Debug|Any CPU = Debug|Any CPU
		Release|Any CPU = Release|Any CPU
	EndGlobalSection
	GlobalSection(ProjectConfigurationPlatforms) = postSolution
		{484D4097-8583-4241-9D33-85FE9F8C0AB7}.Debug|Any CPU.ActiveCfg = Debug|Any CPU
		{484D4097-8583-4241-9D33-85FE9F8C0AB7}.Debug|Any CPU.Build.0 = Debug|Any CPU
		{484D4097-8583-4241-9D33-85FE9F8C0AB7}.Release|Any CPU.ActiveCfg = Release|Any CPU
		{484D4097-8583-4241-9D33-85FE9F8C0AB7}.Release|Any CPU.Build.0 = Release|Any CPU
	EndGlobalSection
	GlobalSection(SolutionProperties) = preSolution
		HideSolutionNode = FALSE
	EndGlobalSection
	GlobalSection(ExtensibilityGlobals) = postSolution
		SolutionGuid = {DC76EA30-910E-4382-8440-A2E3FB6CDE52}
	EndGlobalSection
EndGlobal
