
Microsoft Visual Studio Solution File, Format Version 12.00
# Visual Studio 15
VisualStudioVersion = 15.0.26730.12
MinimumVisualStudioVersion = 10.0.40219.1
Project("{FAE04EC0-301F-11D3-BF4B-00C04F79EFBC}") = "exercise15", "exercise15\exercise15.csproj", "{CC5E61EF-1507-45D7-B7F1-D769284758BB}"
EndProject
Global
	GlobalSection(SolutionConfigurationPlatforms) = preSolution
		Debug|Any CPU = Debug|Any CPU
		Release|Any CPU = Release|Any CPU
	EndGlobalSection
	GlobalSection(ProjectConfigurationPlatforms) = postSolution
		{CC5E61EF-1507-45D7-B7F1-D769284758BB}.Debug|Any CPU.ActiveCfg = Debug|Any CPU
		{CC5E61EF-1507-45D7-B7F1-D769284758BB}.Debug|Any CPU.Build.0 = Debug|Any CPU
		{CC5E61EF-1507-45D7-B7F1-D769284758BB}.Release|Any CPU.ActiveCfg = Release|Any CPU
		{CC5E61EF-1507-45D7-B7F1-D769284758BB}.Release|Any CPU.Build.0 = Release|Any CPU
	EndGlobalSection
	GlobalSection(SolutionProperties) = preSolution
		HideSolutionNode = FALSE
	EndGlobalSection
	GlobalSection(ExtensibilityGlobals) = postSolution
		SolutionGuid = {D2DE5C23-9DA0-4BB7-A0FE-57C67DF5CEAE}
	EndGlobalSection
EndGlobal
