
Microsoft Visual Studio Solution File, Format Version 12.00
# Visual Studio 15
VisualStudioVersion = 15.0.26730.12
MinimumVisualStudioVersion = 10.0.40219.1
Project("{FAE04EC0-301F-11D3-BF4B-00C04F79EFBC}") = "exercise18", "exercise18\exercise18.csproj", "{FE7F0BD5-4A75-4BDB-B3AB-022946C08B00}"
EndProject
Global
	GlobalSection(SolutionConfigurationPlatforms) = preSolution
		Debug|Any CPU = Debug|Any CPU
		Release|Any CPU = Release|Any CPU
	EndGlobalSection
	GlobalSection(ProjectConfigurationPlatforms) = postSolution
		{FE7F0BD5-4A75-4BDB-B3AB-022946C08B00}.Debug|Any CPU.ActiveCfg = Debug|Any CPU
		{FE7F0BD5-4A75-4BDB-B3AB-022946C08B00}.Debug|Any CPU.Build.0 = Debug|Any CPU
		{FE7F0BD5-4A75-4BDB-B3AB-022946C08B00}.Release|Any CPU.ActiveCfg = Release|Any CPU
		{FE7F0BD5-4A75-4BDB-B3AB-022946C08B00}.Release|Any CPU.Build.0 = Release|Any CPU
	EndGlobalSection
	GlobalSection(SolutionProperties) = preSolution
		HideSolutionNode = FALSE
	EndGlobalSection
	GlobalSection(ExtensibilityGlobals) = postSolution
		SolutionGuid = {B81B5DA3-C648-4327-A83A-7219F95436C5}
	EndGlobalSection
EndGlobal
