
Microsoft Visual Studio Solution File, Format Version 12.00
# Visual Studio 15
VisualStudioVersion = 15.0.26730.16
MinimumVisualStudioVersion = 10.0.40219.1
Project("{FAE04EC0-301F-11D3-BF4B-00C04F79EFBC}") = "Exercise10", "Exercise10\Exercise10.csproj", "{AD2E9258-4647-45DA-8FB6-4E541267C2EE}"
EndProject
Global
	GlobalSection(SolutionConfigurationPlatforms) = preSolution
		Debug|Any CPU = Debug|Any CPU
		Release|Any CPU = Release|Any CPU
	EndGlobalSection
	GlobalSection(ProjectConfigurationPlatforms) = postSolution
		{AD2E9258-4647-45DA-8FB6-4E541267C2EE}.Debug|Any CPU.ActiveCfg = Debug|Any CPU
		{AD2E9258-4647-45DA-8FB6-4E541267C2EE}.Debug|Any CPU.Build.0 = Debug|Any CPU
		{AD2E9258-4647-45DA-8FB6-4E541267C2EE}.Release|Any CPU.ActiveCfg = Release|Any CPU
		{AD2E9258-4647-45DA-8FB6-4E541267C2EE}.Release|Any CPU.Build.0 = Release|Any CPU
	EndGlobalSection
	GlobalSection(SolutionProperties) = preSolution
		HideSolutionNode = FALSE
	EndGlobalSection
	GlobalSection(ExtensibilityGlobals) = postSolution
		SolutionGuid = {D7E4D620-517D-405C-BC50-7D13B559A600}
	EndGlobalSection
EndGlobal
