
Microsoft Visual Studio Solution File, Format Version 12.00
# Visual Studio 15
VisualStudioVersion = 15.0.26730.16
MinimumVisualStudioVersion = 10.0.40219.1
Project("{FAE04EC0-301F-11D3-BF4B-00C04F79EFBC}") = "FoxQuiz", "FoxQuiz\FoxQuiz.csproj", "{2AA16383-49A8-477C-ADB1-1F7F585F350B}"
EndProject
Project("{FAE04EC0-301F-11D3-BF4B-00C04F79EFBC}") = "FoxQuiz.IntegrationTests", "FoxQuiz.IntegrationTests\FoxQuiz.IntegrationTests.csproj", "{D8DD5838-4078-4369-936C-228F737CACA8}"
EndProject
Global
	GlobalSection(SolutionConfigurationPlatforms) = preSolution
		Debug|Any CPU = Debug|Any CPU
		Release|Any CPU = Release|Any CPU
	EndGlobalSection
	GlobalSection(ProjectConfigurationPlatforms) = postSolution
		{2AA16383-49A8-477C-ADB1-1F7F585F350B}.Debug|Any CPU.ActiveCfg = Debug|Any CPU
		{2AA16383-49A8-477C-ADB1-1F7F585F350B}.Debug|Any CPU.Build.0 = Debug|Any CPU
		{2AA16383-49A8-477C-ADB1-1F7F585F350B}.Release|Any CPU.ActiveCfg = Release|Any CPU
		{2AA16383-49A8-477C-ADB1-1F7F585F350B}.Release|Any CPU.Build.0 = Release|Any CPU
		{D8DD5838-4078-4369-936C-228F737CACA8}.Debug|Any CPU.ActiveCfg = Debug|Any CPU
		{D8DD5838-4078-4369-936C-228F737CACA8}.Debug|Any CPU.Build.0 = Debug|Any CPU
		{D8DD5838-4078-4369-936C-228F737CACA8}.Release|Any CPU.ActiveCfg = Release|Any CPU
		{D8DD5838-4078-4369-936C-228F737CACA8}.Release|Any CPU.Build.0 = Release|Any CPU
	EndGlobalSection
	GlobalSection(SolutionProperties) = preSolution
		HideSolutionNode = FALSE
	EndGlobalSection
	GlobalSection(ExtensibilityGlobals) = postSolution
		SolutionGuid = {646253EF-2E41-4E57-BF1D-50640701EE9A}
	EndGlobalSection
EndGlobal
