
Microsoft Visual Studio Solution File, Format Version 12.00
# Visual Studio 15
VisualStudioVersion = 15.0.26730.12
MinimumVisualStudioVersion = 10.0.40219.1
Project("{FAE04EC0-301F-11D3-BF4B-00C04F79EFBC}") = "exercise08", "exercise08\exercise08.csproj", "{BFA8F57F-CED5-42DE-B724-C05B86A44BED}"
EndProject
Global
	GlobalSection(SolutionConfigurationPlatforms) = preSolution
		Debug|Any CPU = Debug|Any CPU
		Release|Any CPU = Release|Any CPU
	EndGlobalSection
	GlobalSection(ProjectConfigurationPlatforms) = postSolution
		{BFA8F57F-CED5-42DE-B724-C05B86A44BED}.Debug|Any CPU.ActiveCfg = Debug|Any CPU
		{BFA8F57F-CED5-42DE-B724-C05B86A44BED}.Debug|Any CPU.Build.0 = Debug|Any CPU
		{BFA8F57F-CED5-42DE-B724-C05B86A44BED}.Release|Any CPU.ActiveCfg = Release|Any CPU
		{BFA8F57F-CED5-42DE-B724-C05B86A44BED}.Release|Any CPU.Build.0 = Release|Any CPU
	EndGlobalSection
	GlobalSection(SolutionProperties) = preSolution
		HideSolutionNode = FALSE
	EndGlobalSection
	GlobalSection(ExtensibilityGlobals) = postSolution
		SolutionGuid = {0E825C59-C94E-423D-81B4-9870A093A252}
	EndGlobalSection
EndGlobal
