
Microsoft Visual Studio Solution File, Format Version 12.00
# Visual Studio 15
VisualStudioVersion = 15.0.26730.16
MinimumVisualStudioVersion = 10.0.40219.1
Project("{FAE04EC0-301F-11D3-BF4B-00C04F79EFBC}") = "BlogPost", "BlogPost\BlogPost.csproj", "{ACB3ECD0-7362-48C0-AFA2-D6B91D40F3C0}"
EndProject
Global
	GlobalSection(SolutionConfigurationPlatforms) = preSolution
		Debug|Any CPU = Debug|Any CPU
		Release|Any CPU = Release|Any CPU
	EndGlobalSection
	GlobalSection(ProjectConfigurationPlatforms) = postSolution
		{ACB3ECD0-7362-48C0-AFA2-D6B91D40F3C0}.Debug|Any CPU.ActiveCfg = Debug|Any CPU
		{ACB3ECD0-7362-48C0-AFA2-D6B91D40F3C0}.Debug|Any CPU.Build.0 = Debug|Any CPU
		{ACB3ECD0-7362-48C0-AFA2-D6B91D40F3C0}.Release|Any CPU.ActiveCfg = Release|Any CPU
		{ACB3ECD0-7362-48C0-AFA2-D6B91D40F3C0}.Release|Any CPU.Build.0 = Release|Any CPU
	EndGlobalSection
	GlobalSection(SolutionProperties) = preSolution
		HideSolutionNode = FALSE
	EndGlobalSection
	GlobalSection(ExtensibilityGlobals) = postSolution
		SolutionGuid = {4C972114-ECC4-412E-B495-E999FD0A0980}
	EndGlobalSection
EndGlobal
