
Microsoft Visual Studio Solution File, Format Version 12.00
# Visual Studio 15
VisualStudioVersion = 15.0.26730.16
MinimumVisualStudioVersion = 10.0.40219.1
Project("{FAE04EC0-301F-11D3-BF4B-00C04F79EFBC}") = "Dominoes", "Dominoes\Dominoes.csproj", "{043627ED-1620-4710-AC2D-252DB428F412}"
EndProject
Global
	GlobalSection(SolutionConfigurationPlatforms) = preSolution
		Debug|Any CPU = Debug|Any CPU
		Release|Any CPU = Release|Any CPU
	EndGlobalSection
	GlobalSection(ProjectConfigurationPlatforms) = postSolution
		{043627ED-1620-4710-AC2D-252DB428F412}.Debug|Any CPU.ActiveCfg = Debug|Any CPU
		{043627ED-1620-4710-AC2D-252DB428F412}.Debug|Any CPU.Build.0 = Debug|Any CPU
		{043627ED-1620-4710-AC2D-252DB428F412}.Release|Any CPU.ActiveCfg = Release|Any CPU
		{043627ED-1620-4710-AC2D-252DB428F412}.Release|Any CPU.Build.0 = Release|Any CPU
	EndGlobalSection
	GlobalSection(SolutionProperties) = preSolution
		HideSolutionNode = FALSE
	EndGlobalSection
	GlobalSection(ExtensibilityGlobals) = postSolution
		SolutionGuid = {7E986209-7CAB-4137-9176-6946C10A7234}
	EndGlobalSection
EndGlobal
