
Microsoft Visual Studio Solution File, Format Version 12.00
# Visual Studio 15
VisualStudioVersion = 15.0.26730.12
MinimumVisualStudioVersion = 10.0.40219.1
Project("{FAE04EC0-301F-11D3-BF4B-00C04F79EFBC}") = "exercise20", "exercise20\exercise20.csproj", "{609EC86E-1675-49EA-A054-8A049B843D02}"
EndProject
Global
	GlobalSection(SolutionConfigurationPlatforms) = preSolution
		Debug|Any CPU = Debug|Any CPU
		Release|Any CPU = Release|Any CPU
	EndGlobalSection
	GlobalSection(ProjectConfigurationPlatforms) = postSolution
		{609EC86E-1675-49EA-A054-8A049B843D02}.Debug|Any CPU.ActiveCfg = Debug|Any CPU
		{609EC86E-1675-49EA-A054-8A049B843D02}.Debug|Any CPU.Build.0 = Debug|Any CPU
		{609EC86E-1675-49EA-A054-8A049B843D02}.Release|Any CPU.ActiveCfg = Release|Any CPU
		{609EC86E-1675-49EA-A054-8A049B843D02}.Release|Any CPU.Build.0 = Release|Any CPU
	EndGlobalSection
	GlobalSection(SolutionProperties) = preSolution
		HideSolutionNode = FALSE
	EndGlobalSection
	GlobalSection(ExtensibilityGlobals) = postSolution
		SolutionGuid = {8A56CA08-EBE6-4A28-81EA-384BC1EA053B}
	EndGlobalSection
EndGlobal
