
Microsoft Visual Studio Solution File, Format Version 12.00
# Visual Studio 15
VisualStudioVersion = 15.0.26730.16
MinimumVisualStudioVersion = 10.0.40219.1
Project("{FAE04EC0-301F-11D3-BF4B-00C04F79EFBC}") = "BankOfSimba", "BankOfSimba\BankOfSimba.csproj", "{9C0E500F-E3BE-4660-A3A4-6B376CFEE072}"
EndProject
Global
	GlobalSection(SolutionConfigurationPlatforms) = preSolution
		Debug|Any CPU = Debug|Any CPU
		Release|Any CPU = Release|Any CPU
	EndGlobalSection
	GlobalSection(ProjectConfigurationPlatforms) = postSolution
		{9C0E500F-E3BE-4660-A3A4-6B376CFEE072}.Debug|Any CPU.ActiveCfg = Debug|Any CPU
		{9C0E500F-E3BE-4660-A3A4-6B376CFEE072}.Debug|Any CPU.Build.0 = Debug|Any CPU
		{9C0E500F-E3BE-4660-A3A4-6B376CFEE072}.Release|Any CPU.ActiveCfg = Release|Any CPU
		{9C0E500F-E3BE-4660-A3A4-6B376CFEE072}.Release|Any CPU.Build.0 = Release|Any CPU
	EndGlobalSection
	GlobalSection(SolutionProperties) = preSolution
		HideSolutionNode = FALSE
	EndGlobalSection
	GlobalSection(ExtensibilityGlobals) = postSolution
		SolutionGuid = {63CBB519-79FE-4087-945D-EB5D4F480F64}
	EndGlobalSection
EndGlobal
