
Microsoft Visual Studio Solution File, Format Version 12.00
# Visual Studio 15
VisualStudioVersion = 15.0.26730.16
MinimumVisualStudioVersion = 10.0.40219.1
Project("{9A19103F-16F7-4668-BE54-9A1E7A4F7556}") = "CalorieApp", "CalorieApp\CalorieApp.csproj", "{089B2ECC-7716-42BA-8DCD-F0D223595F93}"
EndProject
Project("{FAE04EC0-301F-11D3-BF4B-00C04F79EFBC}") = "CalorieApp.IntegrationTests2", "CalorieApp.IntegrationTests2\CalorieApp.IntegrationTests2.csproj", "{C14D2532-63D3-440B-AF41-826B70532A32}"
EndProject
Global
	GlobalSection(SolutionConfigurationPlatforms) = preSolution
		Debug|Any CPU = Debug|Any CPU
		Release|Any CPU = Release|Any CPU
	EndGlobalSection
	GlobalSection(ProjectConfigurationPlatforms) = postSolution
		{089B2ECC-7716-42BA-8DCD-F0D223595F93}.Debug|Any CPU.ActiveCfg = Debug|Any CPU
		{089B2ECC-7716-42BA-8DCD-F0D223595F93}.Debug|Any CPU.Build.0 = Debug|Any CPU
		{089B2ECC-7716-42BA-8DCD-F0D223595F93}.Release|Any CPU.ActiveCfg = Release|Any CPU
		{089B2ECC-7716-42BA-8DCD-F0D223595F93}.Release|Any CPU.Build.0 = Release|Any CPU
		{C14D2532-63D3-440B-AF41-826B70532A32}.Debug|Any CPU.ActiveCfg = Debug|Any CPU
		{C14D2532-63D3-440B-AF41-826B70532A32}.Debug|Any CPU.Build.0 = Debug|Any CPU
		{C14D2532-63D3-440B-AF41-826B70532A32}.Release|Any CPU.ActiveCfg = Release|Any CPU
		{C14D2532-63D3-440B-AF41-826B70532A32}.Release|Any CPU.Build.0 = Release|Any CPU
	EndGlobalSection
	GlobalSection(SolutionProperties) = preSolution
		HideSolutionNode = FALSE
	EndGlobalSection
	GlobalSection(ExtensibilityGlobals) = postSolution
		SolutionGuid = {C2142536-7000-4662-BDF0-B7124B4CEB19}
	EndGlobalSection
EndGlobal
