
Microsoft Visual Studio Solution File, Format Version 12.00
# Visual Studio 15
VisualStudioVersion = 15.0.26730.16
MinimumVisualStudioVersion = 10.0.40219.1
Project("{FAE04EC0-301F-11D3-BF4B-00C04F79EFBC}") = "AnagramApp", "AnagramApp\AnagramApp.csproj", "{621FCB3F-8515-4DC1-9DC7-E0FEB39A7378}"
EndProject
Global
	GlobalSection(SolutionConfigurationPlatforms) = preSolution
		Debug|Any CPU = Debug|Any CPU
		Release|Any CPU = Release|Any CPU
	EndGlobalSection
	GlobalSection(ProjectConfigurationPlatforms) = postSolution
		{621FCB3F-8515-4DC1-9DC7-E0FEB39A7378}.Debug|Any CPU.ActiveCfg = Debug|Any CPU
		{621FCB3F-8515-4DC1-9DC7-E0FEB39A7378}.Debug|Any CPU.Build.0 = Debug|Any CPU
		{621FCB3F-8515-4DC1-9DC7-E0FEB39A7378}.Release|Any CPU.ActiveCfg = Release|Any CPU
		{621FCB3F-8515-4DC1-9DC7-E0FEB39A7378}.Release|Any CPU.Build.0 = Release|Any CPU
	EndGlobalSection
	GlobalSection(SolutionProperties) = preSolution
		HideSolutionNode = FALSE
	EndGlobalSection
	GlobalSection(ExtensibilityGlobals) = postSolution
		SolutionGuid = {FA8CEC4D-BFB2-4739-98D2-6D6E1C3319B5}
	EndGlobalSection
EndGlobal
