
Microsoft Visual Studio Solution File, Format Version 12.00
# Visual Studio 15
VisualStudioVersion = 15.0.26730.12
MinimumVisualStudioVersion = 10.0.40219.1
Project("{FAE04EC0-301F-11D3-BF4B-00C04F79EFBC}") = "exercise14", "exercise14\exercise14.csproj", "{5F270969-EC44-45D8-8415-227F62A97667}"
EndProject
Global
	GlobalSection(SolutionConfigurationPlatforms) = preSolution
		Debug|Any CPU = Debug|Any CPU
		Release|Any CPU = Release|Any CPU
	EndGlobalSection
	GlobalSection(ProjectConfigurationPlatforms) = postSolution
		{5F270969-EC44-45D8-8415-227F62A97667}.Debug|Any CPU.ActiveCfg = Debug|Any CPU
		{5F270969-EC44-45D8-8415-227F62A97667}.Debug|Any CPU.Build.0 = Debug|Any CPU
		{5F270969-EC44-45D8-8415-227F62A97667}.Release|Any CPU.ActiveCfg = Release|Any CPU
		{5F270969-EC44-45D8-8415-227F62A97667}.Release|Any CPU.Build.0 = Release|Any CPU
	EndGlobalSection
	GlobalSection(SolutionProperties) = preSolution
		HideSolutionNode = FALSE
	EndGlobalSection
	GlobalSection(ExtensibilityGlobals) = postSolution
		SolutionGuid = {68FB568F-6ECE-42E2-ADFF-BA727ED5BBF6}
	EndGlobalSection
EndGlobal
