
Microsoft Visual Studio Solution File, Format Version 12.00
# Visual Studio 15
VisualStudioVersion = 15.0.26730.12
MinimumVisualStudioVersion = 10.0.40219.1
Project("{FAE04EC0-301F-11D3-BF4B-00C04F79EFBC}") = "Armstrong_number", "Armstrong_number\Armstrong_number.csproj", "{3A9F1423-E3B3-49DF-818A-CE94C68DAF22}"
EndProject
Global
	GlobalSection(SolutionConfigurationPlatforms) = preSolution
		Debug|Any CPU = Debug|Any CPU
		Release|Any CPU = Release|Any CPU
	EndGlobalSection
	GlobalSection(ProjectConfigurationPlatforms) = postSolution
		{3A9F1423-E3B3-49DF-818A-CE94C68DAF22}.Debug|Any CPU.ActiveCfg = Debug|Any CPU
		{3A9F1423-E3B3-49DF-818A-CE94C68DAF22}.Debug|Any CPU.Build.0 = Debug|Any CPU
		{3A9F1423-E3B3-49DF-818A-CE94C68DAF22}.Release|Any CPU.ActiveCfg = Release|Any CPU
		{3A9F1423-E3B3-49DF-818A-CE94C68DAF22}.Release|Any CPU.Build.0 = Release|Any CPU
	EndGlobalSection
	GlobalSection(SolutionProperties) = preSolution
		HideSolutionNode = FALSE
	EndGlobalSection
	GlobalSection(ExtensibilityGlobals) = postSolution
		SolutionGuid = {9F613299-FE99-42DB-8774-91EB05D1DF08}
	EndGlobalSection
EndGlobal
