
Microsoft Visual Studio Solution File, Format Version 12.00
# Visual Studio 15
VisualStudioVersion = 15.0.26730.12
MinimumVisualStudioVersion = 10.0.40219.1
Project("{FAE04EC0-301F-11D3-BF4B-00C04F79EFBC}") = "exercise23", "exercise23\exercise23.csproj", "{39397224-2693-4FBB-9FFE-1F65F0081040}"
EndProject
Global
	GlobalSection(SolutionConfigurationPlatforms) = preSolution
		Debug|Any CPU = Debug|Any CPU
		Release|Any CPU = Release|Any CPU
	EndGlobalSection
	GlobalSection(ProjectConfigurationPlatforms) = postSolution
		{39397224-2693-4FBB-9FFE-1F65F0081040}.Debug|Any CPU.ActiveCfg = Debug|Any CPU
		{39397224-2693-4FBB-9FFE-1F65F0081040}.Debug|Any CPU.Build.0 = Debug|Any CPU
		{39397224-2693-4FBB-9FFE-1F65F0081040}.Release|Any CPU.ActiveCfg = Release|Any CPU
		{39397224-2693-4FBB-9FFE-1F65F0081040}.Release|Any CPU.Build.0 = Release|Any CPU
	EndGlobalSection
	GlobalSection(SolutionProperties) = preSolution
		HideSolutionNode = FALSE
	EndGlobalSection
	GlobalSection(ExtensibilityGlobals) = postSolution
		SolutionGuid = {7483F534-3312-40C6-BFBF-E801167A0576}
	EndGlobalSection
EndGlobal
