
Microsoft Visual Studio Solution File, Format Version 12.00
# Visual Studio 15
VisualStudioVersion = 15.0.26730.16
MinimumVisualStudioVersion = 10.0.40219.1
Project("{9A19103F-16F7-4668-BE54-9A1E7A4F7556}") = "RestBackend", "RestBackend\RestBackend.csproj", "{DD69A8E2-B8E4-4186-95C4-885FE2D3FD99}"
EndProject
Project("{FAE04EC0-301F-11D3-BF4B-00C04F79EFBC}") = "RestBackend.IntegrationTests", "RestBackend.IntegrationTests\RestBackend.IntegrationTests.csproj", "{758F1D0B-F481-493E-A28F-4E755AF66DE5}"
EndProject
Global
	GlobalSection(SolutionConfigurationPlatforms) = preSolution
		Debug|Any CPU = Debug|Any CPU
		Release|Any CPU = Release|Any CPU
	EndGlobalSection
	GlobalSection(ProjectConfigurationPlatforms) = postSolution
		{DD69A8E2-B8E4-4186-95C4-885FE2D3FD99}.Debug|Any CPU.ActiveCfg = Debug|Any CPU
		{DD69A8E2-B8E4-4186-95C4-885FE2D3FD99}.Debug|Any CPU.Build.0 = Debug|Any CPU
		{DD69A8E2-B8E4-4186-95C4-885FE2D3FD99}.Release|Any CPU.ActiveCfg = Release|Any CPU
		{DD69A8E2-B8E4-4186-95C4-885FE2D3FD99}.Release|Any CPU.Build.0 = Release|Any CPU
		{758F1D0B-F481-493E-A28F-4E755AF66DE5}.Debug|Any CPU.ActiveCfg = Debug|Any CPU
		{758F1D0B-F481-493E-A28F-4E755AF66DE5}.Debug|Any CPU.Build.0 = Debug|Any CPU
		{758F1D0B-F481-493E-A28F-4E755AF66DE5}.Release|Any CPU.ActiveCfg = Release|Any CPU
		{758F1D0B-F481-493E-A28F-4E755AF66DE5}.Release|Any CPU.Build.0 = Release|Any CPU
	EndGlobalSection
	GlobalSection(SolutionProperties) = preSolution
		HideSolutionNode = FALSE
	EndGlobalSection
	GlobalSection(ExtensibilityGlobals) = postSolution
		SolutionGuid = {7F271AED-7721-4BD6-9CF4-0C400B6CAC1F}
	EndGlobalSection
EndGlobal
