
Microsoft Visual Studio Solution File, Format Version 12.00
# Visual Studio 15
VisualStudioVersion = 15.0.26730.12
MinimumVisualStudioVersion = 10.0.40219.1
Project("{FAE04EC0-301F-11D3-BF4B-00C04F79EFBC}") = "guessmynumber", "guessmynumber\guessmynumber.csproj", "{97B5B15A-6124-4E0E-BB5D-F7D64F7B196D}"
EndProject
Global
	GlobalSection(SolutionConfigurationPlatforms) = preSolution
		Debug|Any CPU = Debug|Any CPU
		Release|Any CPU = Release|Any CPU
	EndGlobalSection
	GlobalSection(ProjectConfigurationPlatforms) = postSolution
		{97B5B15A-6124-4E0E-BB5D-F7D64F7B196D}.Debug|Any CPU.ActiveCfg = Debug|Any CPU
		{97B5B15A-6124-4E0E-BB5D-F7D64F7B196D}.Debug|Any CPU.Build.0 = Debug|Any CPU
		{97B5B15A-6124-4E0E-BB5D-F7D64F7B196D}.Release|Any CPU.ActiveCfg = Release|Any CPU
		{97B5B15A-6124-4E0E-BB5D-F7D64F7B196D}.Release|Any CPU.Build.0 = Release|Any CPU
	EndGlobalSection
	GlobalSection(SolutionProperties) = preSolution
		HideSolutionNode = FALSE
	EndGlobalSection
	GlobalSection(ExtensibilityGlobals) = postSolution
		SolutionGuid = {C359B31B-AA77-4AEE-B546-0ECD2815BDAE}
	EndGlobalSection
EndGlobal
