
Microsoft Visual Studio Solution File, Format Version 12.00
# Visual Studio 15
VisualStudioVersion = 15.0.26730.12
MinimumVisualStudioVersion = 10.0.40219.1
Project("{FAE04EC0-301F-11D3-BF4B-00C04F79EFBC}") = "03_CountLines", "03_CountLines\03_CountLines.csproj", "{FFC3CF8E-B1D8-4921-AD02-2AE090393506}"
EndProject
Global
	GlobalSection(SolutionConfigurationPlatforms) = preSolution
		Debug|Any CPU = Debug|Any CPU
		Release|Any CPU = Release|Any CPU
	EndGlobalSection
	GlobalSection(ProjectConfigurationPlatforms) = postSolution
		{FFC3CF8E-B1D8-4921-AD02-2AE090393506}.Debug|Any CPU.ActiveCfg = Debug|Any CPU
		{FFC3CF8E-B1D8-4921-AD02-2AE090393506}.Debug|Any CPU.Build.0 = Debug|Any CPU
		{FFC3CF8E-B1D8-4921-AD02-2AE090393506}.Release|Any CPU.ActiveCfg = Release|Any CPU
		{FFC3CF8E-B1D8-4921-AD02-2AE090393506}.Release|Any CPU.Build.0 = Release|Any CPU
	EndGlobalSection
	GlobalSection(SolutionProperties) = preSolution
		HideSolutionNode = FALSE
	EndGlobalSection
	GlobalSection(ExtensibilityGlobals) = postSolution
		SolutionGuid = {EC4EBB58-7E44-48EE-AAD7-9685EC54D3A9}
	EndGlobalSection
EndGlobal
