
Microsoft Visual Studio Solution File, Format Version 12.00
# Visual Studio 15
VisualStudioVersion = 15.0.26730.12
MinimumVisualStudioVersion = 10.0.40219.1
Project("{FAE04EC0-301F-11D3-BF4B-00C04F79EFBC}") = "01_Counter", "01_Counter\01_Counter.csproj", "{664D8F29-12E4-414F-A808-DAF3585B6879}"
EndProject
Global
	GlobalSection(SolutionConfigurationPlatforms) = preSolution
		Debug|Any CPU = Debug|Any CPU
		Release|Any CPU = Release|Any CPU
	EndGlobalSection
	GlobalSection(ProjectConfigurationPlatforms) = postSolution
		{664D8F29-12E4-414F-A808-DAF3585B6879}.Debug|Any CPU.ActiveCfg = Debug|Any CPU
		{664D8F29-12E4-414F-A808-DAF3585B6879}.Debug|Any CPU.Build.0 = Debug|Any CPU
		{664D8F29-12E4-414F-A808-DAF3585B6879}.Release|Any CPU.ActiveCfg = Release|Any CPU
		{664D8F29-12E4-414F-A808-DAF3585B6879}.Release|Any CPU.Build.0 = Release|Any CPU
	EndGlobalSection
	GlobalSection(SolutionProperties) = preSolution
		HideSolutionNode = FALSE
	EndGlobalSection
	GlobalSection(ExtensibilityGlobals) = postSolution
		SolutionGuid = {566DFFD7-37EC-4A2F-BAA8-818DE510F919}
	EndGlobalSection
EndGlobal
